
Microsoft Visual Studio Solution File, Format Version 12.00
# Visual Studio 2013
VisualStudioVersion = 12.0.40629.0
MinimumVisualStudioVersion = 10.0.40219.1
Project("{FAE04EC0-301F-11D3-BF4B-00C04F79EFBC}") = "StringCalculator", "StringCalculator\StringCalculator.csproj", "{C14805CE-1ADD-4D1E-B3DD-94B91E083DDF}"
EndProject
Project("{FAE04EC0-301F-11D3-BF4B-00C04F79EFBC}") = "StringCalculatorTests", "StringCalculatorTests\StringCalculatorTests.csproj", "{FA52B2F3-1F4E-45AA-9976-4DF7657E13AB}"
EndProject
Global
	GlobalSection(SolutionConfigurationPlatforms) = preSolution
		Debug|Any CPU = Debug|Any CPU
		Release|Any CPU = Release|Any CPU
	EndGlobalSection
	GlobalSection(ProjectConfigurationPlatforms) = postSolution
		{C14805CE-1ADD-4D1E-B3DD-94B91E083DDF}.Debug|Any CPU.ActiveCfg = Debug|Any CPU
		{C14805CE-1ADD-4D1E-B3DD-94B91E083DDF}.Debug|Any CPU.Build.0 = Debug|Any CPU
		{C14805CE-1ADD-4D1E-B3DD-94B91E083DDF}.Release|Any CPU.ActiveCfg = Release|Any CPU
		{C14805CE-1ADD-4D1E-B3DD-94B91E083DDF}.Release|Any CPU.Build.0 = Release|Any CPU
		{FA52B2F3-1F4E-45AA-9976-4DF7657E13AB}.Debug|Any CPU.ActiveCfg = Debug|Any CPU
		{FA52B2F3-1F4E-45AA-9976-4DF7657E13AB}.Debug|Any CPU.Build.0 = Debug|Any CPU
		{FA52B2F3-1F4E-45AA-9976-4DF7657E13AB}.Release|Any CPU.ActiveCfg = Release|Any CPU
		{FA52B2F3-1F4E-45AA-9976-4DF7657E13AB}.Release|Any CPU.Build.0 = Release|Any CPU
	EndGlobalSection
	GlobalSection(SolutionProperties) = preSolution
		HideSolutionNode = FALSE
	EndGlobalSection
EndGlobal
